%{
  "acari": {:git, "https://github.com/ileamo/acari.git", "23f44821a5ddc7995e0d28bb62e1b55b990e7fb3", []},
  "artificery": {:hex, :artificery, "0.4.0", "e0b8d3eb9dfe8f42c08a620f90a2aa9cef5dba9fcdfcecad5c2be451df159a77", [:mix], [], "hexpm"},
  "distillery": {:hex, :distillery, "2.0.12", "6e78fe042df82610ac3fa50bd7d2d8190ad287d120d3cd1682d83a44e8b34dfb", [:mix], [{:artificery, "~> 0.2", [hex: :artificery, repo: "hexpm", optional: false]}], "hexpm"},
  "jason": {:hex, :jason, "1.1.2", "b03dedea67a99223a2eaf9f1264ce37154564de899fd3d8b9a21b1a6fd64afe7", [:mix], [{:decimal, "~> 1.0", [hex: :decimal, repo: "hexpm", optional: true]}], "hexpm"},
  "logger_file_backend": {:hex, :logger_file_backend, "0.0.10", "876f9f84ae110781207c54321ffbb62bebe02946fe3c13f0d7c5f5d8ad4fa910", [:mix], [], "hexpm"},
  "loggix": {:hex, :loggix, "0.0.9", "27ac388bd0b0ac23b110a075be353559258b201dcb0abbf75cc83ce6019ccdea", [:mix], [], "hexpm"},
  "procket": {:git, "git://github.com/ileamo/procket.git", "ef409476f529a3e53a68edde32a7b630e9a197fd", [branch: "master"]},
  "temp": {:hex, :temp, "0.4.7", "2c78482cc2294020a4bc0c95950b907ff386523367d4e63308a252feffbea9f2", [:mix], [], "hexpm"},
  "tunctl": {:git, "https://github.com/ileamo/tunctl.git", "f81814a19055adf74ee7f172456b774ac7aba14f", []},
}
